
Microsoft Visual Studio Solution File, Format Version 12.00
# Visual Studio Version 17
VisualStudioVersion = 17.12.35728.132
MinimumVisualStudioVersion = 10.0.40219.1
Project("{FAE04EC0-301F-11D3-BF4B-00C04F79EFBC}") = "Paystack.Service", "Paystack.Service\Paystack.Service.csproj", "{9382AF5C-584A-4253-AB8C-9B7CD9025348}"
EndProject
Project("{FAE04EC0-301F-11D3-BF4B-00C04F79EFBC}") = "Paysatck.API", "Paysatck.API\Paysatck.API.csproj", "{143B010B-000A-4DAD-A677-5F33BB72FEC4}"
EndProject
Project("{FAE04EC0-301F-11D3-BF4B-00C04F79EFBC}") = "Paystack.Model", "Paystack.Model\Paystack.Model.csproj", "{7B11796A-D727-4D8E-B88D-BA5766FFB672}"
EndProject
Global
	GlobalSection(SolutionConfigurationPlatforms) = preSolution
		Debug|Any CPU = Debug|Any CPU
		Release|Any CPU = Release|Any CPU
	EndGlobalSection
	GlobalSection(ProjectConfigurationPlatforms) = postSolution
		{9382AF5C-584A-4253-AB8C-9B7CD9025348}.Debug|Any CPU.ActiveCfg = Debug|Any CPU
		{9382AF5C-584A-4253-AB8C-9B7CD9025348}.Debug|Any CPU.Build.0 = Debug|Any CPU
		{9382AF5C-584A-4253-AB8C-9B7CD9025348}.Release|Any CPU.ActiveCfg = Release|Any CPU
		{9382AF5C-584A-4253-AB8C-9B7CD9025348}.Release|Any CPU.Build.0 = Release|Any CPU
		{143B010B-000A-4DAD-A677-5F33BB72FEC4}.Debug|Any CPU.ActiveCfg = Debug|Any CPU
		{143B010B-000A-4DAD-A677-5F33BB72FEC4}.Debug|Any CPU.Build.0 = Debug|Any CPU
		{143B010B-000A-4DAD-A677-5F33BB72FEC4}.Release|Any CPU.ActiveCfg = Release|Any CPU
		{143B010B-000A-4DAD-A677-5F33BB72FEC4}.Release|Any CPU.Build.0 = Release|Any CPU
		{7B11796A-D727-4D8E-B88D-BA5766FFB672}.Debug|Any CPU.ActiveCfg = Debug|Any CPU
		{7B11796A-D727-4D8E-B88D-BA5766FFB672}.Debug|Any CPU.Build.0 = Debug|Any CPU
		{7B11796A-D727-4D8E-B88D-BA5766FFB672}.Release|Any CPU.ActiveCfg = Release|Any CPU
		{7B11796A-D727-4D8E-B88D-BA5766FFB672}.Release|Any CPU.Build.0 = Release|Any CPU
	EndGlobalSection
	GlobalSection(SolutionProperties) = preSolution
		HideSolutionNode = FALSE
	EndGlobalSection
EndGlobal
